
Microsoft Visual Studio Solution File, Format Version 12.00
# Visual Studio Version 16
VisualStudioVersion = 16.0.30114.105
MinimumVisualStudioVersion = 10.0.40219.1
Project("{FAE04EC0-301F-11D3-BF4B-00C04F79EFBC}") = "rygio", "rygio\rygio.csproj", "{B4CBD4CF-C9C0-44EC-845A-70309F2A60CA}"
EndProject
Global
	GlobalSection(SolutionConfigurationPlatforms) = preSolution
		Debug|Any CPU = Debug|Any CPU
		Release|Any CPU = Release|Any CPU
	EndGlobalSection
	GlobalSection(ProjectConfigurationPlatforms) = postSolution
		{B4CBD4CF-C9C0-44EC-845A-70309F2A60CA}.Debug|Any CPU.ActiveCfg = Debug|Any CPU
		{B4CBD4CF-C9C0-44EC-845A-70309F2A60CA}.Debug|Any CPU.Build.0 = Debug|Any CPU
		{B4CBD4CF-C9C0-44EC-845A-70309F2A60CA}.Release|Any CPU.ActiveCfg = Release|Any CPU
		{B4CBD4CF-C9C0-44EC-845A-70309F2A60CA}.Release|Any CPU.Build.0 = Release|Any CPU
	EndGlobalSection
	GlobalSection(SolutionProperties) = preSolution
		HideSolutionNode = FALSE
	EndGlobalSection
	GlobalSection(ExtensibilityGlobals) = postSolution
		SolutionGuid = {E8009D3A-6A3D-4C26-9485-AE1550F77A79}
	EndGlobalSection
EndGlobal
